
Microsoft Visual Studio Solution File, Format Version 12.00
# Visual Studio Version 17
VisualStudioVersion = 17.5.33502.453
MinimumVisualStudioVersion = 10.0.40219.1
Project("{FAE04EC0-301F-11D3-BF4B-00C04F79EFBC}") = "csharp-calcolatrice", "csharp-calcolatrice.csproj", "{B70D79C6-DC81-41BF-9361-0CF8A8335080}"
EndProject
Global
	GlobalSection(SolutionConfigurationPlatforms) = preSolution
		Debug|Any CPU = Debug|Any CPU
		Release|Any CPU = Release|Any CPU
	EndGlobalSection
	GlobalSection(ProjectConfigurationPlatforms) = postSolution
		{B70D79C6-DC81-41BF-9361-0CF8A8335080}.Debug|Any CPU.ActiveCfg = Debug|Any CPU
		{B70D79C6-DC81-41BF-9361-0CF8A8335080}.Debug|Any CPU.Build.0 = Debug|Any CPU
		{B70D79C6-DC81-41BF-9361-0CF8A8335080}.Release|Any CPU.ActiveCfg = Release|Any CPU
		{B70D79C6-DC81-41BF-9361-0CF8A8335080}.Release|Any CPU.Build.0 = Release|Any CPU
	EndGlobalSection
	GlobalSection(SolutionProperties) = preSolution
		HideSolutionNode = FALSE
	EndGlobalSection
	GlobalSection(ExtensibilityGlobals) = postSolution
		SolutionGuid = {BF674131-E683-4DE0-BD25-C79B6DC407E7}
	EndGlobalSection
EndGlobal
